
Microsoft Visual Studio Solution File, Format Version 12.00
# Visual Studio 2013
VisualStudioVersion = 12.0.31101.0
MinimumVisualStudioVersion = 10.0.40219.1
Project("{FAE04EC0-301F-11D3-BF4B-00C04F79EFBC}") = "Biblioteca", "WindowsFormsApplication1\Biblioteca.csproj", "{A512CEA9-58B7-4497-A5A9-454DF194BD4D}"
	ProjectSection(ProjectDependencies) = postProject
		{B6AD6D39-D260-472A-9A03-EF6626CE92F8} = {B6AD6D39-D260-472A-9A03-EF6626CE92F8}
	EndProjectSection
EndProject
Project("{2150E333-8FDC-42A3-9474-1A3956D46DE8}") = "Imagenes", "Imagenes", "{F89F8B1F-403C-4532-B7A6-3FA15CDE7471}"
	ProjectSection(SolutionItems) = preProject
		..\..\..\..\Pictures\Iconos\arrow-105-32.ico = ..\..\..\..\Pictures\Iconos\arrow-105-32.ico
		..\..\..\..\Pictures\Iconos\arrow-105-32.png = ..\..\..\..\Pictures\Iconos\arrow-105-32.png
		..\..\..\..\Pictures\Iconos\arrow-4-32.png = ..\..\..\..\Pictures\Iconos\arrow-4-32.png
	EndProjectSection
EndProject
Project("{FAE04EC0-301F-11D3-BF4B-00C04F79EFBC}") = "BibliotecaWebService", "BibliotecaWebService\BibliotecaWebService.csproj", "{B6AD6D39-D260-472A-9A03-EF6626CE92F8}"
EndProject
Global
	GlobalSection(SolutionConfigurationPlatforms) = preSolution
		Debug|Any CPU = Debug|Any CPU
		Release|Any CPU = Release|Any CPU
	EndGlobalSection
	GlobalSection(ProjectConfigurationPlatforms) = postSolution
		{A512CEA9-58B7-4497-A5A9-454DF194BD4D}.Debug|Any CPU.ActiveCfg = Debug|Any CPU
		{A512CEA9-58B7-4497-A5A9-454DF194BD4D}.Debug|Any CPU.Build.0 = Debug|Any CPU
		{A512CEA9-58B7-4497-A5A9-454DF194BD4D}.Release|Any CPU.ActiveCfg = Release|Any CPU
		{A512CEA9-58B7-4497-A5A9-454DF194BD4D}.Release|Any CPU.Build.0 = Release|Any CPU
		{B6AD6D39-D260-472A-9A03-EF6626CE92F8}.Debug|Any CPU.ActiveCfg = Debug|Any CPU
		{B6AD6D39-D260-472A-9A03-EF6626CE92F8}.Debug|Any CPU.Build.0 = Debug|Any CPU
		{B6AD6D39-D260-472A-9A03-EF6626CE92F8}.Release|Any CPU.ActiveCfg = Release|Any CPU
		{B6AD6D39-D260-472A-9A03-EF6626CE92F8}.Release|Any CPU.Build.0 = Release|Any CPU
	EndGlobalSection
	GlobalSection(SolutionProperties) = preSolution
		HideSolutionNode = FALSE
	EndGlobalSection
EndGlobal
